
Microsoft Visual Studio Solution File, Format Version 12.00
# Visual Studio Version 17
VisualStudioVersion = 17.6.33723.286
MinimumVisualStudioVersion = 10.0.40219.1
Project("{FAE04EC0-301F-11D3-BF4B-00C04F79EFBC}") = "ECom_WebApp", "ECom_WebApp\ECom_WebApp.csproj", "{12BD436B-D372-40E9-A2A9-485EEE0D9E53}"
EndProject
Global
	GlobalSection(SolutionConfigurationPlatforms) = preSolution
		Debug|Any CPU = Debug|Any CPU
		Release|Any CPU = Release|Any CPU
	EndGlobalSection
	GlobalSection(ProjectConfigurationPlatforms) = postSolution
		{12BD436B-D372-40E9-A2A9-485EEE0D9E53}.Debug|Any CPU.ActiveCfg = Debug|Any CPU
		{12BD436B-D372-40E9-A2A9-485EEE0D9E53}.Debug|Any CPU.Build.0 = Debug|Any CPU
		{12BD436B-D372-40E9-A2A9-485EEE0D9E53}.Release|Any CPU.ActiveCfg = Release|Any CPU
		{12BD436B-D372-40E9-A2A9-485EEE0D9E53}.Release|Any CPU.Build.0 = Release|Any CPU
	EndGlobalSection
	GlobalSection(SolutionProperties) = preSolution
		HideSolutionNode = FALSE
	EndGlobalSection
	GlobalSection(ExtensibilityGlobals) = postSolution
		SolutionGuid = {25553C65-5B18-4BF1-826D-68C516078EFB}
	EndGlobalSection
EndGlobal
