
Microsoft Visual Studio Solution File, Format Version 12.00
# Visual Studio Version 17
VisualStudioVersion = 17.6.33723.286
MinimumVisualStudioVersion = 10.0.40219.1
Project("{9A19103F-16F7-4668-BE54-9A1E7A4F7556}") = "ECom_WebApp", "ECom_WebApp\ECom_WebApp.csproj", "{12BD436B-D372-40E9-A2A9-485EEE0D9E53}"
EndProject
Project("{9A19103F-16F7-4668-BE54-9A1E7A4F7556}") = "ECome_WebApp_Razor", "ECome_WebApp_Razor\ECome_WebApp_Razor.csproj", "{8C4B345F-3EF1-4F6F-9F08-04D9955784A3}"
EndProject
Project("{FAE04EC0-301F-11D3-BF4B-00C04F79EFBC}") = "ECom.DataAccess", "E_Com.DataAccess\ECom.DataAccess.csproj", "{427B105A-E5D5-42E0-B9AD-4349F9543BED}"
EndProject
Project("{FAE04EC0-301F-11D3-BF4B-00C04F79EFBC}") = "ECom.Models", "ECom.Models\ECom.Models.csproj", "{04A16AD1-8347-4AAC-9D0A-0AE1C811A902}"
EndProject
Project("{FAE04EC0-301F-11D3-BF4B-00C04F79EFBC}") = "ECom.Utility", "ECom.Utility\ECom.Utility.csproj", "{2526F4FA-3878-40CF-92AB-3A6900872B98}"
EndProject
Global
	GlobalSection(SolutionConfigurationPlatforms) = preSolution
		Debug|Any CPU = Debug|Any CPU
		Release|Any CPU = Release|Any CPU
	EndGlobalSection
	GlobalSection(ProjectConfigurationPlatforms) = postSolution
		{12BD436B-D372-40E9-A2A9-485EEE0D9E53}.Debug|Any CPU.ActiveCfg = Debug|Any CPU
		{12BD436B-D372-40E9-A2A9-485EEE0D9E53}.Debug|Any CPU.Build.0 = Debug|Any CPU
		{12BD436B-D372-40E9-A2A9-485EEE0D9E53}.Release|Any CPU.ActiveCfg = Release|Any CPU
		{12BD436B-D372-40E9-A2A9-485EEE0D9E53}.Release|Any CPU.Build.0 = Release|Any CPU
		{8C4B345F-3EF1-4F6F-9F08-04D9955784A3}.Debug|Any CPU.ActiveCfg = Debug|Any CPU
		{8C4B345F-3EF1-4F6F-9F08-04D9955784A3}.Debug|Any CPU.Build.0 = Debug|Any CPU
		{8C4B345F-3EF1-4F6F-9F08-04D9955784A3}.Release|Any CPU.ActiveCfg = Release|Any CPU
		{8C4B345F-3EF1-4F6F-9F08-04D9955784A3}.Release|Any CPU.Build.0 = Release|Any CPU
		{427B105A-E5D5-42E0-B9AD-4349F9543BED}.Debug|Any CPU.ActiveCfg = Debug|Any CPU
		{427B105A-E5D5-42E0-B9AD-4349F9543BED}.Debug|Any CPU.Build.0 = Debug|Any CPU
		{427B105A-E5D5-42E0-B9AD-4349F9543BED}.Release|Any CPU.ActiveCfg = Release|Any CPU
		{427B105A-E5D5-42E0-B9AD-4349F9543BED}.Release|Any CPU.Build.0 = Release|Any CPU
		{04A16AD1-8347-4AAC-9D0A-0AE1C811A902}.Debug|Any CPU.ActiveCfg = Debug|Any CPU
		{04A16AD1-8347-4AAC-9D0A-0AE1C811A902}.Debug|Any CPU.Build.0 = Debug|Any CPU
		{04A16AD1-8347-4AAC-9D0A-0AE1C811A902}.Release|Any CPU.ActiveCfg = Release|Any CPU
		{04A16AD1-8347-4AAC-9D0A-0AE1C811A902}.Release|Any CPU.Build.0 = Release|Any CPU
		{2526F4FA-3878-40CF-92AB-3A6900872B98}.Debug|Any CPU.ActiveCfg = Debug|Any CPU
		{2526F4FA-3878-40CF-92AB-3A6900872B98}.Debug|Any CPU.Build.0 = Debug|Any CPU
		{2526F4FA-3878-40CF-92AB-3A6900872B98}.Release|Any CPU.ActiveCfg = Release|Any CPU
		{2526F4FA-3878-40CF-92AB-3A6900872B98}.Release|Any CPU.Build.0 = Release|Any CPU
	EndGlobalSection
	GlobalSection(SolutionProperties) = preSolution
		HideSolutionNode = FALSE
	EndGlobalSection
	GlobalSection(ExtensibilityGlobals) = postSolution
		SolutionGuid = {25553C65-5B18-4BF1-826D-68C516078EFB}
	EndGlobalSection
EndGlobal
